
Microsoft Visual Studio Solution File, Format Version 12.00
# Visual Studio Version 17
VisualStudioVersion = 17.0.31612.314
MinimumVisualStudioVersion = 10.0.40219.1
Project("{9A19103F-16F7-4668-BE54-9A1E7A4F7556}") = "ConversionEngineSimulator", "ConversionEngineSimulator\ConversionEngineSimulator.csproj", "{7050C82C-41D2-4D12-B4D3-23BA57436695}"
Project("{FAE04EC0-301F-11D3-BF4B-00C04F79EFBC}") = "DashboardBackend", "DashboardBackend\DashboardBackend.csproj", "{808A4020-110B-42BC-86DC-968645430538}"
EndProject
Project("{FAE04EC0-301F-11D3-BF4B-00C04F79EFBC}") = "DevConsoleApp", "DevConsoleApp\DevConsoleApp.csproj", "{15030058-50AB-4705-A813-C1181D6BE405}"
EndProject
Global
	GlobalSection(SolutionConfigurationPlatforms) = preSolution
		Debug|Any CPU = Debug|Any CPU
		Release|Any CPU = Release|Any CPU
	EndGlobalSection
	GlobalSection(ProjectConfigurationPlatforms) = postSolution
		{7050C82C-41D2-4D12-B4D3-23BA57436695}.Debug|Any CPU.ActiveCfg = Debug|Any CPU
		{7050C82C-41D2-4D12-B4D3-23BA57436695}.Debug|Any CPU.Build.0 = Debug|Any CPU
		{7050C82C-41D2-4D12-B4D3-23BA57436695}.Release|Any CPU.ActiveCfg = Release|Any CPU
		{7050C82C-41D2-4D12-B4D3-23BA57436695}.Release|Any CPU.Build.0 = Release|Any CPU
		{808A4020-110B-42BC-86DC-968645430538}.Debug|Any CPU.ActiveCfg = Debug|Any CPU
		{808A4020-110B-42BC-86DC-968645430538}.Debug|Any CPU.Build.0 = Debug|Any CPU
		{808A4020-110B-42BC-86DC-968645430538}.Release|Any CPU.ActiveCfg = Release|Any CPU
		{808A4020-110B-42BC-86DC-968645430538}.Release|Any CPU.Build.0 = Release|Any CPU
		{15030058-50AB-4705-A813-C1181D6BE405}.Debug|Any CPU.ActiveCfg = Debug|Any CPU
		{15030058-50AB-4705-A813-C1181D6BE405}.Debug|Any CPU.Build.0 = Debug|Any CPU
		{15030058-50AB-4705-A813-C1181D6BE405}.Release|Any CPU.ActiveCfg = Release|Any CPU
		{15030058-50AB-4705-A813-C1181D6BE405}.Release|Any CPU.Build.0 = Release|Any CPU
	EndGlobalSection
	GlobalSection(SolutionProperties) = preSolution
		HideSolutionNode = FALSE
	EndGlobalSection
	GlobalSection(ExtensibilityGlobals) = postSolution
		SolutionGuid = {9E0D1913-1B7C-455C-A919-DF0260D25A0C}
	EndGlobalSection
EndGlobal
