Microsoft Visual Studio Solution File, Format Version 12.00
# Visual Studio Version 17
VisualStudioVersion = 17.0.31612.314
MinimumVisualStudioVersion = 10.0.40219.1
Project("{9A19103F-16F7-4668-BE54-9A1E7A4F7556}") = "Model", "Model\Model.csproj", "{E824F912-3FFD-41D8-8924-23229B11C5A4}"
EndProject
Project("{9A19103F-16F7-4668-BE54-9A1E7A4F7556}") = "ConversionEngineSimulator", "ConversionEngineSimulator\ConversionEngineSimulator.csproj", "{7050C82C-41D2-4D12-B4D3-23BA57436695}"
EndProject
Project("{9A19103F-16F7-4668-BE54-9A1E7A4F7556}") = "DashboardBackend", "DashboardBackend\DashboardBackend.csproj", "{808A4020-110B-42BC-86DC-968645430538}"
EndProject
Project("{9A19103F-16F7-4668-BE54-9A1E7A4F7556}") = "DashboardFrontend", "DashboardFrontend\DashboardFrontend.csproj", "{16DB8F7E-3264-4B19-BC55-A9C7F7BFBF40}"
EndProject
Project("{FAE04EC0-301F-11D3-BF4B-00C04F79EFBC}") = "DashboardBackend.Tests", "DashboardBackend.Tests\DashboardBackend.Tests.csproj", "{5BC631A3-8360-4171-A147-67A35803AD93}"
EndProject
Global
	GlobalSection(SolutionConfigurationPlatforms) = preSolution
		Debug|Any CPU = Debug|Any CPU
		Release|Any CPU = Release|Any CPU
	EndGlobalSection
	GlobalSection(ProjectConfigurationPlatforms) = postSolution
		{E824F912-3FFD-41D8-8924-23229B11C5A4}.Debug|Any CPU.ActiveCfg = Debug|Any CPU
		{E824F912-3FFD-41D8-8924-23229B11C5A4}.Debug|Any CPU.Build.0 = Debug|Any CPU
		{E824F912-3FFD-41D8-8924-23229B11C5A4}.Release|Any CPU.ActiveCfg = Release|Any CPU
		{7050C82C-41D2-4D12-B4D3-23BA57436695}.Debug|Any CPU.ActiveCfg = Debug|Any CPU
		{7050C82C-41D2-4D12-B4D3-23BA57436695}.Debug|Any CPU.Build.0 = Debug|Any CPU
		{7050C82C-41D2-4D12-B4D3-23BA57436695}.Release|Any CPU.ActiveCfg = Release|Any CPU
		{7050C82C-41D2-4D12-B4D3-23BA57436695}.Release|Any CPU.Build.0 = Release|Any CPU
		{808A4020-110B-42BC-86DC-968645430538}.Debug|Any CPU.ActiveCfg = Debug|Any CPU
		{808A4020-110B-42BC-86DC-968645430538}.Debug|Any CPU.Build.0 = Debug|Any CPU
		{808A4020-110B-42BC-86DC-968645430538}.Release|Any CPU.ActiveCfg = Release|Any CPU
		{808A4020-110B-42BC-86DC-968645430538}.Release|Any CPU.Build.0 = Release|Any CPU
		{16DB8F7E-3264-4B19-BC55-A9C7F7BFBF40}.Debug|Any CPU.ActiveCfg = Debug|Any CPU
		{16DB8F7E-3264-4B19-BC55-A9C7F7BFBF40}.Debug|Any CPU.Build.0 = Debug|Any CPU
		{16DB8F7E-3264-4B19-BC55-A9C7F7BFBF40}.Release|Any CPU.ActiveCfg = Release|Any CPU
		{16DB8F7E-3264-4B19-BC55-A9C7F7BFBF40}.Release|Any CPU.Build.0 = Release|Any CPU
		{5BC631A3-8360-4171-A147-67A35803AD93}.Debug|Any CPU.ActiveCfg = Debug|Any CPU
		{5BC631A3-8360-4171-A147-67A35803AD93}.Debug|Any CPU.Build.0 = Debug|Any CPU
		{5BC631A3-8360-4171-A147-67A35803AD93}.Release|Any CPU.ActiveCfg = Release|Any CPU
		{5BC631A3-8360-4171-A147-67A35803AD93}.Release|Any CPU.Build.0 = Release|Any CPU
	EndGlobalSection
	GlobalSection(SolutionProperties) = preSolution
		HideSolutionNode = FALSE
	EndGlobalSection
	GlobalSection(ExtensibilityGlobals) = postSolution
		SolutionGuid = {9E0D1913-1B7C-455C-A919-DF0260D25A0C}
	EndGlobalSection
EndGlobal
